
Microsoft Visual Studio Solution File, Format Version 12.00
# Visual Studio Version 16
VisualStudioVersion = 16.0.29306.81
MinimumVisualStudioVersion = 10.0.40219.1
Project("{FAE04EC0-301F-11D3-BF4B-00C04F79EFBC}") = "CRUD_DB", "CRUD_DB\CRUD_DB.csproj", "{B6CB1873-D6B0-40FF-B9F4-96DABB3FE667}"
EndProject
Global
	GlobalSection(SolutionConfigurationPlatforms) = preSolution
		Debug|Any CPU = Debug|Any CPU
		Release|Any CPU = Release|Any CPU
	EndGlobalSection
	GlobalSection(ProjectConfigurationPlatforms) = postSolution
		{B6CB1873-D6B0-40FF-B9F4-96DABB3FE667}.Debug|Any CPU.ActiveCfg = Debug|Any CPU
		{B6CB1873-D6B0-40FF-B9F4-96DABB3FE667}.Debug|Any CPU.Build.0 = Debug|Any CPU
		{B6CB1873-D6B0-40FF-B9F4-96DABB3FE667}.Release|Any CPU.ActiveCfg = Release|Any CPU
		{B6CB1873-D6B0-40FF-B9F4-96DABB3FE667}.Release|Any CPU.Build.0 = Release|Any CPU
	EndGlobalSection
	GlobalSection(SolutionProperties) = preSolution
		HideSolutionNode = FALSE
	EndGlobalSection
	GlobalSection(ExtensibilityGlobals) = postSolution
		SolutionGuid = {28C2025E-AA54-4D4B-AD0A-5F1BC68065B3}
	EndGlobalSection
EndGlobal
